
Microsoft Visual Studio Solution File, Format Version 12.00
Project("{FAE04EC0-301F-11D3-BF4B-00C04F79EFBC}") = "DirectExchangePublisher", "DirectExchangePublisher\DirectExchangePublisher.csproj", "{0587F4DF-30BE-473C-8B00-68CE1FA6B085}"
EndProject
Project("{FAE04EC0-301F-11D3-BF4B-00C04F79EFBC}") = "DirectExchangeConsumer", "DirectExchangeConsumer\DirectExchangeConsumer.csproj", "{733D9D7D-18FA-4C90-A558-ACAEA2DF0D0A}"
EndProject
Global
	GlobalSection(SolutionConfigurationPlatforms) = preSolution
		Debug|Any CPU = Debug|Any CPU
		Release|Any CPU = Release|Any CPU
	EndGlobalSection
	GlobalSection(ProjectConfigurationPlatforms) = postSolution
		{0587F4DF-30BE-473C-8B00-68CE1FA6B085}.Debug|Any CPU.ActiveCfg = Debug|Any CPU
		{0587F4DF-30BE-473C-8B00-68CE1FA6B085}.Debug|Any CPU.Build.0 = Debug|Any CPU
		{0587F4DF-30BE-473C-8B00-68CE1FA6B085}.Release|Any CPU.ActiveCfg = Release|Any CPU
		{0587F4DF-30BE-473C-8B00-68CE1FA6B085}.Release|Any CPU.Build.0 = Release|Any CPU
		{733D9D7D-18FA-4C90-A558-ACAEA2DF0D0A}.Debug|Any CPU.ActiveCfg = Debug|Any CPU
		{733D9D7D-18FA-4C90-A558-ACAEA2DF0D0A}.Debug|Any CPU.Build.0 = Debug|Any CPU
		{733D9D7D-18FA-4C90-A558-ACAEA2DF0D0A}.Release|Any CPU.ActiveCfg = Release|Any CPU
		{733D9D7D-18FA-4C90-A558-ACAEA2DF0D0A}.Release|Any CPU.Build.0 = Release|Any CPU
	EndGlobalSection
EndGlobal
